
Microsoft Visual Studio Solution File, Format Version 12.00
# Visual Studio Version 17
VisualStudioVersion = 17.3.32901.215
MinimumVisualStudioVersion = 10.0.40219.1
Project("{8BC9CEB8-8B4A-11D0-8D11-00A0C91BC942}") = "White To Red Video Pixel Conversion", "White To Red Video Pixel Conversion.vcxproj", "{6561D4B3-3DBE-4104-ADB0-5ECB1208A7F9}"
EndProject
Global
	GlobalSection(SolutionConfigurationPlatforms) = preSolution
		Debug|x64 = Debug|x64
		Debug|x86 = Debug|x86
		Release|x64 = Release|x64
		Release|x86 = Release|x86
	EndGlobalSection
	GlobalSection(ProjectConfigurationPlatforms) = postSolution
		{6561D4B3-3DBE-4104-ADB0-5ECB1208A7F9}.Debug|x64.ActiveCfg = Debug|x64
		{6561D4B3-3DBE-4104-ADB0-5ECB1208A7F9}.Debug|x64.Build.0 = Debug|x64
		{6561D4B3-3DBE-4104-ADB0-5ECB1208A7F9}.Debug|x86.ActiveCfg = Debug|Win32
		{6561D4B3-3DBE-4104-ADB0-5ECB1208A7F9}.Debug|x86.Build.0 = Debug|Win32
		{6561D4B3-3DBE-4104-ADB0-5ECB1208A7F9}.Release|x64.ActiveCfg = Release|x64
		{6561D4B3-3DBE-4104-ADB0-5ECB1208A7F9}.Release|x64.Build.0 = Release|x64
		{6561D4B3-3DBE-4104-ADB0-5ECB1208A7F9}.Release|x86.ActiveCfg = Release|Win32
		{6561D4B3-3DBE-4104-ADB0-5ECB1208A7F9}.Release|x86.Build.0 = Release|Win32
	EndGlobalSection
	GlobalSection(SolutionProperties) = preSolution
		HideSolutionNode = FALSE
	EndGlobalSection
	GlobalSection(ExtensibilityGlobals) = postSolution
		SolutionGuid = {66A3B891-7B4D-44E1-A36A-5FF1BF179CCD}
	EndGlobalSection
EndGlobal
